
Microsoft Visual Studio Solution File, Format Version 12.00
# Visual Studio Version 17
VisualStudioVersion = 17.1.32407.343
MinimumVisualStudioVersion = 10.0.40219.1
Project("{9A19103F-16F7-4668-BE54-9A1E7A4F7556}") = "Exercicio01", "01\Exercicio01.csproj", "{342EC74C-2004-4AF1-942C-8835D63DA32D}"
EndProject
Project("{9A19103F-16F7-4668-BE54-9A1E7A4F7556}") = "Exercicio02", "Exercicio02\Exercicio02.csproj", "{23FF5E02-1C7F-48F6-9548-FCD885D19A21}"
EndProject
Project("{9A19103F-16F7-4668-BE54-9A1E7A4F7556}") = "Exercicio03", "Exercicio03\Exercicio03.csproj", "{D3088D1A-CD35-4FA5-8F5E-9568C28318CA}"
EndProject
Project("{9A19103F-16F7-4668-BE54-9A1E7A4F7556}") = "Exercicio04", "Exercicio04\Exercicio04.csproj", "{377DC246-5D10-4743-B77A-8F2211D12698}"
EndProject
Project("{9A19103F-16F7-4668-BE54-9A1E7A4F7556}") = "Desafio01", "Desafio01\Desafio01.csproj", "{3453F9D8-E676-4212-957B-5CB67A52EB1D}"
EndProject
Project("{9A19103F-16F7-4668-BE54-9A1E7A4F7556}") = "Exercicio06", "Exercicio06\Exercicio06.csproj", "{1B4145EB-81EC-4AC2-A7E6-532147C56833}"
EndProject
Project("{9A19103F-16F7-4668-BE54-9A1E7A4F7556}") = "Exercicio05", "Exercicio05\Exercicio05.csproj", "{E470F84D-1A15-48DC-8BC3-26E6EAFE1473}"
EndProject
Project("{9A19103F-16F7-4668-BE54-9A1E7A4F7556}") = "Exercicio07", "Exercicio07\Exercicio07.csproj", "{02C81C36-B11F-4A22-B33B-E5B2DFE4AFAE}"
EndProject
Project("{9A19103F-16F7-4668-BE54-9A1E7A4F7556}") = "Exercicio08", "Exercicio08\Exercicio08.csproj", "{7C2868B4-7644-47C3-B24F-29B8F860BBF2}"
EndProject
Project("{9A19103F-16F7-4668-BE54-9A1E7A4F7556}") = "Exercicio10", "Exercicio10\Exercicio10.csproj", "{1A62783D-B39D-4240-9B48-9826171BB5FD}"
EndProject
Project("{9A19103F-16F7-4668-BE54-9A1E7A4F7556}") = "Exercicio09", "Exercicio09\Exercicio09.csproj", "{3052852A-8803-47F9-8634-0DBAF4B0129A}"
EndProject
Project("{9A19103F-16F7-4668-BE54-9A1E7A4F7556}") = "Exercicio14", "Exercicio14\Exercicio14.csproj", "{5BB3A175-8B84-40E9-AF99-31B0E3652904}"
EndProject
Project("{9A19103F-16F7-4668-BE54-9A1E7A4F7556}") = "Exercicio13", "Exercicio13\Exercicio13.csproj", "{905C29FB-2209-47D0-982B-119D98A02FA0}"
EndProject
Project("{9A19103F-16F7-4668-BE54-9A1E7A4F7556}") = "Exercicio12", "Exercicio12\Exercicio12.csproj", "{87E8EA55-4321-4347-818A-60A53B55ACE1}"
EndProject
Project("{9A19103F-16F7-4668-BE54-9A1E7A4F7556}") = "Exercicio11", "Exercicio11\Exercicio11.csproj", "{A48D3C33-DFE4-4B38-983F-CAD2A0B31FB4}"
EndProject
Project("{9A19103F-16F7-4668-BE54-9A1E7A4F7556}") = "Exercicio2-01", "Exercicio2-01\Exercicio2-01.csproj", "{9DCF79D2-EF7B-4499-886F-B04BFA1F8706}"
EndProject
Project("{9A19103F-16F7-4668-BE54-9A1E7A4F7556}") = "Exercicio2-02", "Exercicio2-02\Exercicio2-02.csproj", "{72746821-7213-49E8-AE9A-823F00825D5C}"
EndProject
Project("{2150E333-8FDC-42A3-9474-1A3956D46DE8}") = "OO", "OO", "{F99DFF61-CA4C-4502-BBE5-17F0DF1E9673}"
EndProject
Global
	GlobalSection(SolutionConfigurationPlatforms) = preSolution
		Debug|Any CPU = Debug|Any CPU
		Release|Any CPU = Release|Any CPU
	EndGlobalSection
	GlobalSection(ProjectConfigurationPlatforms) = postSolution
		{342EC74C-2004-4AF1-942C-8835D63DA32D}.Debug|Any CPU.ActiveCfg = Debug|Any CPU
		{342EC74C-2004-4AF1-942C-8835D63DA32D}.Debug|Any CPU.Build.0 = Debug|Any CPU
		{342EC74C-2004-4AF1-942C-8835D63DA32D}.Release|Any CPU.ActiveCfg = Release|Any CPU
		{342EC74C-2004-4AF1-942C-8835D63DA32D}.Release|Any CPU.Build.0 = Release|Any CPU
		{23FF5E02-1C7F-48F6-9548-FCD885D19A21}.Debug|Any CPU.ActiveCfg = Debug|Any CPU
		{23FF5E02-1C7F-48F6-9548-FCD885D19A21}.Debug|Any CPU.Build.0 = Debug|Any CPU
		{23FF5E02-1C7F-48F6-9548-FCD885D19A21}.Release|Any CPU.ActiveCfg = Release|Any CPU
		{23FF5E02-1C7F-48F6-9548-FCD885D19A21}.Release|Any CPU.Build.0 = Release|Any CPU
		{D3088D1A-CD35-4FA5-8F5E-9568C28318CA}.Debug|Any CPU.ActiveCfg = Debug|Any CPU
		{D3088D1A-CD35-4FA5-8F5E-9568C28318CA}.Debug|Any CPU.Build.0 = Debug|Any CPU
		{D3088D1A-CD35-4FA5-8F5E-9568C28318CA}.Release|Any CPU.ActiveCfg = Release|Any CPU
		{D3088D1A-CD35-4FA5-8F5E-9568C28318CA}.Release|Any CPU.Build.0 = Release|Any CPU
		{377DC246-5D10-4743-B77A-8F2211D12698}.Debug|Any CPU.ActiveCfg = Debug|Any CPU
		{377DC246-5D10-4743-B77A-8F2211D12698}.Debug|Any CPU.Build.0 = Debug|Any CPU
		{377DC246-5D10-4743-B77A-8F2211D12698}.Release|Any CPU.ActiveCfg = Release|Any CPU
		{377DC246-5D10-4743-B77A-8F2211D12698}.Release|Any CPU.Build.0 = Release|Any CPU
		{3453F9D8-E676-4212-957B-5CB67A52EB1D}.Debug|Any CPU.ActiveCfg = Debug|Any CPU
		{3453F9D8-E676-4212-957B-5CB67A52EB1D}.Debug|Any CPU.Build.0 = Debug|Any CPU
		{3453F9D8-E676-4212-957B-5CB67A52EB1D}.Release|Any CPU.ActiveCfg = Release|Any CPU
		{3453F9D8-E676-4212-957B-5CB67A52EB1D}.Release|Any CPU.Build.0 = Release|Any CPU
		{1B4145EB-81EC-4AC2-A7E6-532147C56833}.Debug|Any CPU.ActiveCfg = Debug|Any CPU
		{1B4145EB-81EC-4AC2-A7E6-532147C56833}.Debug|Any CPU.Build.0 = Debug|Any CPU
		{1B4145EB-81EC-4AC2-A7E6-532147C56833}.Release|Any CPU.ActiveCfg = Release|Any CPU
		{1B4145EB-81EC-4AC2-A7E6-532147C56833}.Release|Any CPU.Build.0 = Release|Any CPU
		{E470F84D-1A15-48DC-8BC3-26E6EAFE1473}.Debug|Any CPU.ActiveCfg = Debug|Any CPU
		{E470F84D-1A15-48DC-8BC3-26E6EAFE1473}.Debug|Any CPU.Build.0 = Debug|Any CPU
		{E470F84D-1A15-48DC-8BC3-26E6EAFE1473}.Release|Any CPU.ActiveCfg = Release|Any CPU
		{E470F84D-1A15-48DC-8BC3-26E6EAFE1473}.Release|Any CPU.Build.0 = Release|Any CPU
		{02C81C36-B11F-4A22-B33B-E5B2DFE4AFAE}.Debug|Any CPU.ActiveCfg = Debug|Any CPU
		{02C81C36-B11F-4A22-B33B-E5B2DFE4AFAE}.Debug|Any CPU.Build.0 = Debug|Any CPU
		{02C81C36-B11F-4A22-B33B-E5B2DFE4AFAE}.Release|Any CPU.ActiveCfg = Release|Any CPU
		{02C81C36-B11F-4A22-B33B-E5B2DFE4AFAE}.Release|Any CPU.Build.0 = Release|Any CPU
		{7C2868B4-7644-47C3-B24F-29B8F860BBF2}.Debug|Any CPU.ActiveCfg = Debug|Any CPU
		{7C2868B4-7644-47C3-B24F-29B8F860BBF2}.Debug|Any CPU.Build.0 = Debug|Any CPU
		{7C2868B4-7644-47C3-B24F-29B8F860BBF2}.Release|Any CPU.ActiveCfg = Release|Any CPU
		{7C2868B4-7644-47C3-B24F-29B8F860BBF2}.Release|Any CPU.Build.0 = Release|Any CPU
		{1A62783D-B39D-4240-9B48-9826171BB5FD}.Debug|Any CPU.ActiveCfg = Debug|Any CPU
		{1A62783D-B39D-4240-9B48-9826171BB5FD}.Debug|Any CPU.Build.0 = Debug|Any CPU
		{1A62783D-B39D-4240-9B48-9826171BB5FD}.Release|Any CPU.ActiveCfg = Release|Any CPU
		{1A62783D-B39D-4240-9B48-9826171BB5FD}.Release|Any CPU.Build.0 = Release|Any CPU
		{3052852A-8803-47F9-8634-0DBAF4B0129A}.Debug|Any CPU.ActiveCfg = Debug|Any CPU
		{3052852A-8803-47F9-8634-0DBAF4B0129A}.Debug|Any CPU.Build.0 = Debug|Any CPU
		{3052852A-8803-47F9-8634-0DBAF4B0129A}.Release|Any CPU.ActiveCfg = Release|Any CPU
		{3052852A-8803-47F9-8634-0DBAF4B0129A}.Release|Any CPU.Build.0 = Release|Any CPU
		{5BB3A175-8B84-40E9-AF99-31B0E3652904}.Debug|Any CPU.ActiveCfg = Debug|Any CPU
		{5BB3A175-8B84-40E9-AF99-31B0E3652904}.Debug|Any CPU.Build.0 = Debug|Any CPU
		{5BB3A175-8B84-40E9-AF99-31B0E3652904}.Release|Any CPU.ActiveCfg = Release|Any CPU
		{5BB3A175-8B84-40E9-AF99-31B0E3652904}.Release|Any CPU.Build.0 = Release|Any CPU
		{905C29FB-2209-47D0-982B-119D98A02FA0}.Debug|Any CPU.ActiveCfg = Debug|Any CPU
		{905C29FB-2209-47D0-982B-119D98A02FA0}.Debug|Any CPU.Build.0 = Debug|Any CPU
		{905C29FB-2209-47D0-982B-119D98A02FA0}.Release|Any CPU.ActiveCfg = Release|Any CPU
		{905C29FB-2209-47D0-982B-119D98A02FA0}.Release|Any CPU.Build.0 = Release|Any CPU
		{87E8EA55-4321-4347-818A-60A53B55ACE1}.Debug|Any CPU.ActiveCfg = Debug|Any CPU
		{87E8EA55-4321-4347-818A-60A53B55ACE1}.Debug|Any CPU.Build.0 = Debug|Any CPU
		{87E8EA55-4321-4347-818A-60A53B55ACE1}.Release|Any CPU.ActiveCfg = Release|Any CPU
		{87E8EA55-4321-4347-818A-60A53B55ACE1}.Release|Any CPU.Build.0 = Release|Any CPU
		{A48D3C33-DFE4-4B38-983F-CAD2A0B31FB4}.Debug|Any CPU.ActiveCfg = Debug|Any CPU
		{A48D3C33-DFE4-4B38-983F-CAD2A0B31FB4}.Debug|Any CPU.Build.0 = Debug|Any CPU
		{A48D3C33-DFE4-4B38-983F-CAD2A0B31FB4}.Release|Any CPU.ActiveCfg = Release|Any CPU
		{A48D3C33-DFE4-4B38-983F-CAD2A0B31FB4}.Release|Any CPU.Build.0 = Release|Any CPU
		{9DCF79D2-EF7B-4499-886F-B04BFA1F8706}.Debug|Any CPU.ActiveCfg = Debug|Any CPU
		{9DCF79D2-EF7B-4499-886F-B04BFA1F8706}.Debug|Any CPU.Build.0 = Debug|Any CPU
		{9DCF79D2-EF7B-4499-886F-B04BFA1F8706}.Release|Any CPU.ActiveCfg = Release|Any CPU
		{9DCF79D2-EF7B-4499-886F-B04BFA1F8706}.Release|Any CPU.Build.0 = Release|Any CPU
		{72746821-7213-49E8-AE9A-823F00825D5C}.Debug|Any CPU.ActiveCfg = Debug|Any CPU
		{72746821-7213-49E8-AE9A-823F00825D5C}.Debug|Any CPU.Build.0 = Debug|Any CPU
		{72746821-7213-49E8-AE9A-823F00825D5C}.Release|Any CPU.ActiveCfg = Release|Any CPU
		{72746821-7213-49E8-AE9A-823F00825D5C}.Release|Any CPU.Build.0 = Release|Any CPU
	EndGlobalSection
	GlobalSection(SolutionProperties) = preSolution
		HideSolutionNode = FALSE
	EndGlobalSection
	GlobalSection(NestedProjects) = preSolution
		{342EC74C-2004-4AF1-942C-8835D63DA32D} = {F99DFF61-CA4C-4502-BBE5-17F0DF1E9673}
		{23FF5E02-1C7F-48F6-9548-FCD885D19A21} = {F99DFF61-CA4C-4502-BBE5-17F0DF1E9673}
		{D3088D1A-CD35-4FA5-8F5E-9568C28318CA} = {F99DFF61-CA4C-4502-BBE5-17F0DF1E9673}
		{377DC246-5D10-4743-B77A-8F2211D12698} = {F99DFF61-CA4C-4502-BBE5-17F0DF1E9673}
		{3453F9D8-E676-4212-957B-5CB67A52EB1D} = {F99DFF61-CA4C-4502-BBE5-17F0DF1E9673}
		{1B4145EB-81EC-4AC2-A7E6-532147C56833} = {F99DFF61-CA4C-4502-BBE5-17F0DF1E9673}
		{E470F84D-1A15-48DC-8BC3-26E6EAFE1473} = {F99DFF61-CA4C-4502-BBE5-17F0DF1E9673}
		{02C81C36-B11F-4A22-B33B-E5B2DFE4AFAE} = {F99DFF61-CA4C-4502-BBE5-17F0DF1E9673}
		{7C2868B4-7644-47C3-B24F-29B8F860BBF2} = {F99DFF61-CA4C-4502-BBE5-17F0DF1E9673}
		{1A62783D-B39D-4240-9B48-9826171BB5FD} = {F99DFF61-CA4C-4502-BBE5-17F0DF1E9673}
		{3052852A-8803-47F9-8634-0DBAF4B0129A} = {F99DFF61-CA4C-4502-BBE5-17F0DF1E9673}
		{5BB3A175-8B84-40E9-AF99-31B0E3652904} = {F99DFF61-CA4C-4502-BBE5-17F0DF1E9673}
		{905C29FB-2209-47D0-982B-119D98A02FA0} = {F99DFF61-CA4C-4502-BBE5-17F0DF1E9673}
		{87E8EA55-4321-4347-818A-60A53B55ACE1} = {F99DFF61-CA4C-4502-BBE5-17F0DF1E9673}
		{A48D3C33-DFE4-4B38-983F-CAD2A0B31FB4} = {F99DFF61-CA4C-4502-BBE5-17F0DF1E9673}
		{9DCF79D2-EF7B-4499-886F-B04BFA1F8706} = {F99DFF61-CA4C-4502-BBE5-17F0DF1E9673}
		{72746821-7213-49E8-AE9A-823F00825D5C} = {F99DFF61-CA4C-4502-BBE5-17F0DF1E9673}
	EndGlobalSection
	GlobalSection(ExtensibilityGlobals) = postSolution
		SolutionGuid = {DC5F581D-D7B2-4E00-85C8-0F528603D573}
	EndGlobalSection
EndGlobal
